Microsoft Visual Studio Solution File, Format Version 12.00
# Visual Studio Version 17
VisualStudioVersion = 17.5.2.0
MinimumVisualStudioVersion = 10.0.40219.1
Project("{FAE04EC0-301F-11D3-BF4B-00C04F79EFBC}") = "solve-wordle", "solve-wordle.csproj", "{28166E82-E66E-13EB-69E4-1B465E38A172}"
EndProject
Global
	GlobalSection(SolutionConfigurationPlatforms) = preSolution
		Debug|Any CPU = Debug|Any CPU
		Release|Any CPU = Release|Any CPU
	EndGlobalSection
	GlobalSection(ProjectConfigurationPlatforms) = postSolution
		{28166E82-E66E-13EB-69E4-1B465E38A172}.Debug|Any CPU.ActiveCfg = Debug|Any CPU
		{28166E82-E66E-13EB-69E4-1B465E38A172}.Debug|Any CPU.Build.0 = Debug|Any CPU
		{28166E82-E66E-13EB-69E4-1B465E38A172}.Release|Any CPU.ActiveCfg = Release|Any CPU
		{28166E82-E66E-13EB-69E4-1B465E38A172}.Release|Any CPU.Build.0 = Release|Any CPU
	EndGlobalSection
	GlobalSection(SolutionProperties) = preSolution
		HideSolutionNode = FALSE
	EndGlobalSection
	GlobalSection(ExtensibilityGlobals) = postSolution
		SolutionGuid = {3DB02967-FEBC-40DF-8255-CAAC2D81B1C2}
	EndGlobalSection
EndGlobal
